{
  "name": "xtal-decorator",
  "version": "0.0.55",
  "lockfileVersion": 2,
  "requires": true,
  "packages": {
    "": {
      "version": "0.0.55",
      "license": "MIT",
      "dependencies": {
        "css-observe": "0.0.37",
        "trans-render": "0.0.276",
        "xtal-element": "0.0.347"
      },
      "devDependencies": {
        "es-module-shims": "0.9.0",
        "xtal-test": "0.0.57"
      }
    },
    "node_modules/css-observe": {
      "version": "0.0.37",
      "resolved": "https://registry.npmjs.org/css-observe/-/css-observe-0.0.37.tgz",
      "integrity": "sha512-DcGlufPL2LC+IHgxnJVMevniB/L7fSYCJ3VuP3m0e5xsRN7Yd1kIiCvIMkh8YVhzAdk87L4h0p8HqsgCdeXL7w==",
      "dependencies": {
        "xtal-element": "0.0.347"
      }
    },
    "node_modules/es-module-shims": {
      "version": "0.9.0",
      "resolved": "https://registry.npmjs.org/es-module-shims/-/es-module-shims-0.9.0.tgz",
      "integrity": "sha512-WkczeTMb4n44Z2fjHnyryYDJ9HmsXt+CE/vYYTqMO+rINdrUPRRU9XbuR/qwrhu6RD6GLGRQvcakDOzLdWZ4HA==",
      "dev": true
    },
    "node_modules/trans-render": {
      "version": "0.0.276",
      "resolved": "https://registry.npmjs.org/trans-render/-/trans-render-0.0.276.tgz",
      "integrity": "sha512-lqh9kbuzGCVrEo7P5UXmTZk1phDS8qJJY9CRnKB7AkOmXCuni9ys7hFAmQH8fE6ipVUKGE613QPwkkqr1AM4+Q=="
    },
    "node_modules/xtal-element": {
      "version": "0.0.347",
      "resolved": "https://registry.npmjs.org/xtal-element/-/xtal-element-0.0.347.tgz",
      "integrity": "sha512-mDHiJfoyMpZNcAg1pjHZpuIZo8b+EyEFjRTWXm4VJ8FhFya7pUTfj1Ke40SPsHuyCbnqLNGEWpaUEqokTRuEzw==",
      "dependencies": {
        "trans-render": "0.0.276"
      }
    },
    "node_modules/xtal-test": {
      "version": "0.0.57",
      "resolved": "https://registry.npmjs.org/xtal-test/-/xtal-test-0.0.57.tgz",
      "integrity": "sha512-DcU64VhNUsSSuDYsEPFrIOJjsve7Z/tyRa+QLQ6ioEta+ZpnLJGgi6n/WAtz/EXKWAjxfvxtsvkVnqOgGznOAA==",
      "dev": true
    }
  },
  "dependencies": {
    "css-observe": {
      "version": "0.0.37",
      "resolved": "https://registry.npmjs.org/css-observe/-/css-observe-0.0.37.tgz",
      "integrity": "sha512-DcGlufPL2LC+IHgxnJVMevniB/L7fSYCJ3VuP3m0e5xsRN7Yd1kIiCvIMkh8YVhzAdk87L4h0p8HqsgCdeXL7w==",
      "requires": {
        "xtal-element": "0.0.347"
      }
    },
    "es-module-shims": {
      "version": "0.9.0",
      "resolved": "https://registry.npmjs.org/es-module-shims/-/es-module-shims-0.9.0.tgz",
      "integrity": "sha512-WkczeTMb4n44Z2fjHnyryYDJ9HmsXt+CE/vYYTqMO+rINdrUPRRU9XbuR/qwrhu6RD6GLGRQvcakDOzLdWZ4HA==",
      "dev": true
    },
    "trans-render": {
      "version": "0.0.276",
      "resolved": "https://registry.npmjs.org/trans-render/-/trans-render-0.0.276.tgz",
      "integrity": "sha512-lqh9kbuzGCVrEo7P5UXmTZk1phDS8qJJY9CRnKB7AkOmXCuni9ys7hFAmQH8fE6ipVUKGE613QPwkkqr1AM4+Q=="
    },
    "xtal-element": {
      "version": "0.0.347",
      "resolved": "https://registry.npmjs.org/xtal-element/-/xtal-element-0.0.347.tgz",
      "integrity": "sha512-mDHiJfoyMpZNcAg1pjHZpuIZo8b+EyEFjRTWXm4VJ8FhFya7pUTfj1Ke40SPsHuyCbnqLNGEWpaUEqokTRuEzw==",
      "requires": {
        "trans-render": "0.0.276"
      }
    },
    "xtal-test": {
      "version": "0.0.57",
      "resolved": "https://registry.npmjs.org/xtal-test/-/xtal-test-0.0.57.tgz",
      "integrity": "sha512-DcU64VhNUsSSuDYsEPFrIOJjsve7Z/tyRa+QLQ6ioEta+ZpnLJGgi6n/WAtz/EXKWAjxfvxtsvkVnqOgGznOAA==",
      "dev": true
    }
  }
}
