{
  "name": "xtal-decorator",
  "version": "0.0.25",
  "lockfileVersion": 1,
  "requires": true,
  "dependencies": {
    "@polymer/font-roboto": {
      "version": "3.0.0-pre.25",
      "resolved": "https://registry.npmjs.org/@polymer/font-roboto/-/font-roboto-3.0.0-pre.25.tgz",
      "integrity": "sha512-wO/GVqgFDVbKlXvBvsM10mod10XF+cJCjeQh8IltXEZy9SIiWMtdOz/ILqceRPkAZV9xyAXcn4mfunZ/MYPJaA==",
      "dev": true
    },
    "@polymer/iron-a11y-announcer": {
      "version": "3.0.0-pre.25",
      "resolved": "https://registry.npmjs.org/@polymer/iron-a11y-announcer/-/iron-a11y-announcer-3.0.0-pre.25.tgz",
      "integrity": "sha512-wtp0pAUbtAAidLD3Skchr9KG3X6lNkpsEoMsrqc8bNNm5zcHzcQ6wzxtskNhuAwgyjDbBEM+DANmNtj/Jl9Z8A==",
      "dev": true,
      "requires": {
        "@polymer/polymer": "3.0.5"
      }
    },
    "@polymer/iron-a11y-keys-behavior": {
      "version": "3.0.0-pre.25",
      "resolved": "https://registry.npmjs.org/@polymer/iron-a11y-keys-behavior/-/iron-a11y-keys-behavior-3.0.0-pre.25.tgz",
      "integrity": "sha512-nLEu/Mr0nHI9QosG6k75TyScQVUnuwEn6hFBubFravU0QQ8o2+TTwvK5XAVlW2fcNieEvmgC8EhI6FZJCUsCig==",
      "dev": true,
      "requires": {
        "@polymer/polymer": "3.0.5"
      }
    },
    "@polymer/iron-autogrow-textarea": {
      "version": "3.0.0-pre.25",
      "resolved": "https://registry.npmjs.org/@polymer/iron-autogrow-textarea/-/iron-autogrow-textarea-3.0.0-pre.25.tgz",
      "integrity": "sha512-FC2jPZgVAxKxUFfnEhMhqENmXTxbMNBMw52Kw0Kbd8EUOEmG+9u+BqNSvYryNKjUzxqL0mj/iFjnuBcdz+d8pA==",
      "dev": true,
      "requires": {
        "@polymer/iron-behaviors": "3.0.0-pre.25",
        "@polymer/iron-flex-layout": "3.0.0-pre.25",
        "@polymer/iron-validatable-behavior": "3.0.0-pre.25",
        "@polymer/polymer": "3.0.5"
      }
    },
    "@polymer/iron-behaviors": {
      "version": "3.0.0-pre.25",
      "resolved": "https://registry.npmjs.org/@polymer/iron-behaviors/-/iron-behaviors-3.0.0-pre.25.tgz",
      "integrity": "sha512-+oo+Ac+NiSi5SwiyqrTPzwXG15nJkHtjhDwI8cOw61AkkH7sjcytTAyrgrXD/ePsd7+TvWGM6yQfcLH5YhQe5A==",
      "dev": true,
      "requires": {
        "@polymer/iron-a11y-keys-behavior": "3.0.0-pre.25",
        "@polymer/polymer": "3.0.5"
      }
    },
    "@polymer/iron-demo-helpers": {
      "version": "3.0.0-pre.25",
      "resolved": "https://registry.npmjs.org/@polymer/iron-demo-helpers/-/iron-demo-helpers-3.0.0-pre.25.tgz",
      "integrity": "sha512-hgQJa/GVYmcm5OmeB+qUGn23NC03cSwOppwaU90EKxCDbTcnnOJUpGpSVMMAtmhB+Ws3/qKa1LGhbdxyittC4Q==",
      "dev": true,
      "requires": {
        "@polymer/font-roboto": "3.0.0-pre.25",
        "@polymer/iron-flex-layout": "3.0.0-pre.25",
        "@polymer/iron-location": "3.0.0-pre.25",
        "@polymer/marked-element": "3.0.0-pre.25",
        "@polymer/polymer": "3.0.5",
        "@polymer/prism-element": "3.0.0-pre.25"
      }
    },
    "@polymer/iron-flex-layout": {
      "version": "3.0.0-pre.25",
      "resolved": "https://registry.npmjs.org/@polymer/iron-flex-layout/-/iron-flex-layout-3.0.0-pre.25.tgz",
      "integrity": "sha512-ykYxrF6UlnWP0jcbXV51BG3Ts6XD6BWg7HOzkt60YWNkB69QUf3grESUkfT/SERj7WySlGom4no/tdpOPRtwAw==",
      "dev": true,
      "requires": {
        "@polymer/polymer": "3.0.5"
      }
    },
    "@polymer/iron-form-element-behavior": {
      "version": "3.0.0-pre.25",
      "resolved": "https://registry.npmjs.org/@polymer/iron-form-element-behavior/-/iron-form-element-behavior-3.0.0-pre.25.tgz",
      "integrity": "sha512-YBbURxfnKYbDhqvhMc5P9arv0NI8nQkpj+Vg8yCJ/dwXTeKv2Olxl5/+CaslsaGsOKWQl1o4iITRwcF5cwQ6aQ==",
      "dev": true,
      "requires": {
        "@polymer/polymer": "3.0.5"
      }
    },
    "@polymer/iron-input": {
      "version": "3.0.0-pre.25",
      "resolved": "https://registry.npmjs.org/@polymer/iron-input/-/iron-input-3.0.0-pre.25.tgz",
      "integrity": "sha512-ShAX1CQjm/w86TXPEcqoHUXCeok2cuFqFPyLDDRH9PxvnMs30GOjqRlbyB0nsfaWXBDg43GWcA7aTQTVITkY+Q==",
      "dev": true,
      "requires": {
        "@polymer/iron-a11y-announcer": "3.0.0-pre.25",
        "@polymer/iron-validatable-behavior": "3.0.0-pre.25",
        "@polymer/polymer": "3.0.5"
      }
    },
    "@polymer/iron-location": {
      "version": "3.0.0-pre.25",
      "resolved": "https://registry.npmjs.org/@polymer/iron-location/-/iron-location-3.0.0-pre.25.tgz",
      "integrity": "sha512-vsfhU72F9XimKfF50OUSnIOHG+ZjHPm3hzWoCxRu9+nOhe7Ms20EBY3Jd01Y1EjviBSsJCbg3IY6lbfB2i3SJw==",
      "dev": true,
      "requires": {
        "@polymer/polymer": "3.0.5"
      }
    },
    "@polymer/iron-meta": {
      "version": "3.0.0-pre.25",
      "resolved": "https://registry.npmjs.org/@polymer/iron-meta/-/iron-meta-3.0.0-pre.25.tgz",
      "integrity": "sha512-Pot2n+3fINPAS97erAwg1Ps0CRISomGQQZvJeuqeUjgdrdfKuDaWnGdASY6ndmdcEgcwaSJfJrBpTUCBIZmtJw==",
      "dev": true,
      "requires": {
        "@polymer/polymer": "3.0.5"
      }
    },
    "@polymer/iron-validatable-behavior": {
      "version": "3.0.0-pre.25",
      "resolved": "https://registry.npmjs.org/@polymer/iron-validatable-behavior/-/iron-validatable-behavior-3.0.0-pre.25.tgz",
      "integrity": "sha512-xTUUYkQy4D5zoIm9IurtCAMJrew2Atubu87XNwZzySBjrcMHSxU98VtItpCYfWsFlld8Kqk2AQ2EUONo3TLAdw==",
      "dev": true,
      "requires": {
        "@polymer/iron-meta": "3.0.0-pre.25",
        "@polymer/polymer": "3.0.5"
      }
    },
    "@polymer/marked-element": {
      "version": "3.0.0-pre.25",
      "resolved": "https://registry.npmjs.org/@polymer/marked-element/-/marked-element-3.0.0-pre.25.tgz",
      "integrity": "sha512-IVXHRPzR5LW9KyWFDKYyRR9pdPXsllA461sJ0j3+W9ltVrvPAWwdwoamZzSaYILFjn0T4M6+fGj7b1LH5Vnzdg==",
      "dev": true,
      "requires": {
        "@polymer/polymer": "3.0.5",
        "marked": "0.3.19"
      }
    },
    "@polymer/paper-input": {
      "version": "3.0.0-pre.25",
      "resolved": "https://registry.npmjs.org/@polymer/paper-input/-/paper-input-3.0.0-pre.25.tgz",
      "integrity": "sha512-y4mBehkXzeSh+Vw/fjnNAVyOau/7QqqH+6fwwzFnr0PuFt1o4jcfanYSDCKn+exgYERlR7M5df1Zb2KrcXw62w==",
      "dev": true,
      "requires": {
        "@polymer/iron-a11y-keys-behavior": "3.0.0-pre.25",
        "@polymer/iron-autogrow-textarea": "3.0.0-pre.25",
        "@polymer/iron-behaviors": "3.0.0-pre.25",
        "@polymer/iron-form-element-behavior": "3.0.0-pre.25",
        "@polymer/iron-input": "3.0.0-pre.25",
        "@polymer/paper-styles": "3.0.0-pre.25",
        "@polymer/polymer": "3.0.5"
      }
    },
    "@polymer/paper-styles": {
      "version": "3.0.0-pre.25",
      "resolved": "https://registry.npmjs.org/@polymer/paper-styles/-/paper-styles-3.0.0-pre.25.tgz",
      "integrity": "sha512-WgbPo5K6GINEJsWwwothtNJbcj9S/B1t8GmzBxBZ6fMwLK9CbxNn4nAgkwgT1VOc1MspcXz4sOoOtCLeu5a8tw==",
      "dev": true,
      "requires": {
        "@polymer/font-roboto": "3.0.0-pre.25",
        "@polymer/iron-flex-layout": "3.0.0-pre.25",
        "@polymer/polymer": "3.0.5"
      }
    },
    "@polymer/polymer": {
      "version": "3.0.5",
      "resolved": "https://registry.npmjs.org/@polymer/polymer/-/polymer-3.0.5.tgz",
      "integrity": "sha512-Zbmhtr5vZ3NoHWwFYLKI4ff7yfE6DZopI8vaS7HvmUIuNqsv/EpEDXfNEYjqePQmkMX5LU9OIKV1eX/+9aveow==",
      "dev": true,
      "requires": {
        "@webcomponents/shadycss": "1.5.0"
      }
    },
    "@polymer/prism-element": {
      "version": "3.0.0-pre.25",
      "resolved": "https://registry.npmjs.org/@polymer/prism-element/-/prism-element-3.0.0-pre.25.tgz",
      "integrity": "sha512-W5wXUz9mKPbG6V1HeRjjl1kIiwmxffrjvuYSdrWI8665o6nQU3zjf/aeWHrnXBMHKxcw41Bmf+Nzh9Lu3rXgEA==",
      "dev": true,
      "requires": {
        "@polymer/polymer": "3.0.5",
        "prismjs": "1.15.0"
      }
    },
    "@webcomponents/shadycss": {
      "version": "1.5.0",
      "resolved": "https://registry.npmjs.org/@webcomponents/shadycss/-/shadycss-1.5.0.tgz",
      "integrity": "sha512-jNuC7alo3EfiqZPosCruJuMAaUI9qgiuGxFcFyPWjOpo4BP+vgC7hxpTzQYxbIWUgrqkn9lnfPup2hE9c/h/PQ==",
      "dev": true
    },
    "@webcomponents/webcomponentsjs": {
      "version": "2.0.4",
      "resolved": "https://registry.npmjs.org/@webcomponents/webcomponentsjs/-/webcomponentsjs-2.0.4.tgz",
      "integrity": "sha512-wzPSTmwjAd/0oKW36Yi+cB/BmDrHhcHqGlbqqMjrbPIFkt5Mw7wtvEZQouCrQyBNnRquUhRnSWIBrRijHNBBKg==",
      "dev": true
    },
    "clipboard": {
      "version": "2.0.1",
      "resolved": "https://registry.npmjs.org/clipboard/-/clipboard-2.0.1.tgz",
      "integrity": "sha512-7yhQBmtN+uYZmfRjjVjKa0dZdWuabzpSKGtyQZN+9C8xlC788SSJjOHWh7tzurfwTqTD5UDYAhIv5fRJg3sHjQ==",
      "dev": true,
      "optional": true,
      "requires": {
        "good-listener": "1.2.2",
        "select": "1.1.2",
        "tiny-emitter": "2.0.2"
      }
    },
    "delegate": {
      "version": "3.2.0",
      "resolved": "https://registry.npmjs.org/delegate/-/delegate-3.2.0.tgz",
      "integrity": "sha512-IofjkYBZaZivn0V8nnsMJGBr4jVLxHDheKSW88PyxS5QC4Vo9ZbZVvhzlSxY87fVq3STR6r+4cGepyHkcWOQSw==",
      "dev": true,
      "optional": true
    },
    "good-listener": {
      "version": "1.2.2",
      "resolved": "https://registry.npmjs.org/good-listener/-/good-listener-1.2.2.tgz",
      "integrity": "sha1-1TswzfkxPf+33JoNR3CWqm0UXFA=",
      "dev": true,
      "optional": true,
      "requires": {
        "delegate": "3.2.0"
      }
    },
    "jiife": {
      "version": "0.0.4",
      "resolved": "https://registry.npmjs.org/jiife/-/jiife-0.0.4.tgz",
      "integrity": "sha512-BubRxE1DCPN5rUXcdObEPncX23qJpCTZ6zolfqPS0rJTg+Vos9Lnt6rZqhXLHRbBvmNpqwFG1XA4LYEC3AEq4g==",
      "dev": true
    },
    "marked": {
      "version": "0.3.19",
      "resolved": "https://registry.npmjs.org/marked/-/marked-0.3.19.tgz",
      "integrity": "sha512-ea2eGWOqNxPcXv8dyERdSr/6FmzvWwzjMxpfGB/sbMccXoct+xY+YukPD+QTUZwyvK7BZwcr4m21WBOW41pAkg==",
      "dev": true
    },
    "prismjs": {
      "version": "1.15.0",
      "resolved": "https://registry.npmjs.org/prismjs/-/prismjs-1.15.0.tgz",
      "integrity": "sha512-Lf2JrFYx8FanHrjoV5oL8YHCclLQgbJcVZR+gikGGMqz6ub5QVWDTM6YIwm3BuPxM/LOV+rKns3LssXNLIf+DA==",
      "dev": true,
      "requires": {
        "clipboard": "2.0.1"
      }
    },
    "select": {
      "version": "1.1.2",
      "resolved": "https://registry.npmjs.org/select/-/select-1.1.2.tgz",
      "integrity": "sha1-DnNQrN7ICxEIUoeG7B1EGNEbOW0=",
      "dev": true,
      "optional": true
    },
    "tiny-emitter": {
      "version": "2.0.2",
      "resolved": "https://registry.npmjs.org/tiny-emitter/-/tiny-emitter-2.0.2.tgz",
      "integrity": "sha512-2NM0auVBGft5tee/OxP4PI3d8WItkDM+fPnaRAVo6xTDI2knbz9eC5ArWGqtGlYqiH3RU5yMpdyTTO7MguC4ow==",
      "dev": true,
      "optional": true
    },
    "xtal-latx": {
      "version": "0.0.24",
      "resolved": "https://registry.npmjs.org/xtal-latx/-/xtal-latx-0.0.24.tgz",
      "integrity": "sha512-OeBxtfe7kZg9A2WnAdr139AdJqM+S/CgGvXD3FtozPxJFiDZXYe27gLCznzk/TXcTAMTjUlbzBWTeFKMups3Zw=="
    },
    "xtal-shell": {
      "version": "0.0.10",
      "resolved": "https://registry.npmjs.org/xtal-shell/-/xtal-shell-0.0.10.tgz",
      "integrity": "sha512-LBilNGwMFPC9c6ARTIzH4Y1mws++k22Lr16/3a9SVejwPvj/vSX61YlPLlvm/117hnF9HcYET6a3pmkfWHanPw=="
    }
  }
}
