{
  "name": "xtal-decorator",
  "version": "0.0.19",
  "lockfileVersion": 1,
  "requires": true,
  "dependencies": {
    "@webcomponents/webcomponentsjs": {
      "version": "2.0.4",
      "resolved": "https://registry.npmjs.org/@webcomponents/webcomponentsjs/-/webcomponentsjs-2.0.4.tgz",
      "integrity": "sha512-wzPSTmwjAd/0oKW36Yi+cB/BmDrHhcHqGlbqqMjrbPIFkt5Mw7wtvEZQouCrQyBNnRquUhRnSWIBrRijHNBBKg==",
      "dev": true
    },
    "jiife": {
      "version": "0.0.4",
      "resolved": "https://registry.npmjs.org/jiife/-/jiife-0.0.4.tgz",
      "integrity": "sha512-BubRxE1DCPN5rUXcdObEPncX23qJpCTZ6zolfqPS0rJTg+Vos9Lnt6rZqhXLHRbBvmNpqwFG1XA4LYEC3AEq4g==",
      "dev": true
    },
    "xtal-latx": {
      "version": "0.0.19",
      "resolved": "https://registry.npmjs.org/xtal-latx/-/xtal-latx-0.0.19.tgz",
      "integrity": "sha512-du7qdIhfXtiRvpwfBvYUhGIyYHzzSZulyfc6tvtMc4n8H8LsKMc0gXrJvP5LMvoKR9TOdIJvfqly1Rj3B3P+2Q=="
    },
    "xtal-shell": {
      "version": "0.0.10",
      "resolved": "https://registry.npmjs.org/xtal-shell/-/xtal-shell-0.0.10.tgz",
      "integrity": "sha512-LBilNGwMFPC9c6ARTIzH4Y1mws++k22Lr16/3a9SVejwPvj/vSX61YlPLlvm/117hnF9HcYET6a3pmkfWHanPw=="
    }
  }
}
